{
  "version": 4,
  "terraform_version": "0.12.28",
  "serial": 7,
  "lineage": "8fe36dd9-1b5a-af81-9863-b2236991473c",
  "outputs": {},
  "resources": [
    {
      "mode": "managed",
      "type": "aws_s3_bucket",
      "name": "front-end-gotdadjoke",
      "provider": "provider.aws",
      "instances": [
        {
          "schema_version": 0,
          "attributes": {
            "acceleration_status": "",
            "acl": "private",
            "arn": "arn:aws:s3:::front-end-gotdadjoke",
            "bucket": "front-end-gotdadjoke",
            "bucket_domain_name": "front-end-gotdadjoke.s3.amazonaws.com",
            "bucket_prefix": null,
            "bucket_regional_domain_name": "front-end-gotdadjoke.s3.amazonaws.com",
            "cors_rule": [],
            "force_destroy": false,
            "grant": [],
            "hosted_zone_id": "Z3AQBSTGFYJSTF",
            "id": "front-end-gotdadjoke",
            "lifecycle_rule": [],
            "logging": [],
            "object_lock_configuration": [],
            "policy": null,
            "region": "us-east-1",
            "replication_configuration": [],
            "request_payer": "BucketOwner",
            "server_side_encryption_configuration": [],
            "tags": {
              "Environment": "dev",
              "Name": "bucket-fe"
            },
            "versioning": [
              {
                "enabled": true,
                "mfa_delete": false
              }
            ],
            "website": [],
            "website_domain": null,
            "website_endpoint": null
          },
          "private": "bnVsbA=="
        }
      ]
    },
    {
      "mode": "managed",
      "type": "aws_s3_bucket_policy",
      "name": "front-end-gotdadjoke-policy",
      "provider": "provider.aws",
      "instances": [
        {
          "schema_version": 0,
          "attributes": {
            "bucket": "front-end-gotdadjoke",
            "id": "front-end-gotdadjoke",
            "policy": "{\"Version\":\"2012-10-17\",\"Id\":\"FE\",\"Statement\":[{\"Sid\":\"CFAllow\",\"Effect\":\"Allow\",\"Principal\":{\"AWS\":\"arn:aws:iam::894771629905:root\"},\"Action\":[\"s3:ListBucket\",\"s3:GetObject\"],\"Resource\":[\"arn:aws:s3:::front-end-gotdadjoke\",\"arn:aws:s3:::front-end-gotdadjoke/*\"]}]}"
          },
          "private": "bnVsbA==",
          "dependencies": [
            "aws_s3_bucket.front-end-gotdadjoke"
          ]
        }
      ]
    }
  ]
}
