{
  "version": 4,
  "terraform_version": "0.12.28",
  "serial": 41,
  "lineage": "8fe36dd9-1b5a-af81-9863-b2236991473c",
  "outputs": {},
  "resources": [
    {
      "module": "module.frontend_s3_bucket",
      "mode": "data",
      "type": "aws_iam_policy_document",
      "name": "bucket_policy",
      "each": "list",
      "provider": "provider.aws",
      "instances": []
    },
    {
      "module": "module.frontend_s3_bucket.module.s3_user",
      "mode": "data",
      "type": "aws_iam_policy_document",
      "name": "default",
      "each": "list",
      "provider": "provider.aws",
      "instances": []
    },
    {
      "module": "module.frontend_cdn",
      "mode": "data",
      "type": "aws_iam_policy_document",
      "name": "origin",
      "provider": "provider.aws",
      "instances": [
        {
          "schema_version": 0,
          "attributes": {
            "id": "1149999058",
            "json": "{\n  \"Version\": \"2012-10-17\",\n  \"Statement\": [\n    {\n      \"Sid\": \"S3GetObjectForCloudFront\",\n      \"Effect\": \"Allow\",\n      \"Action\": \"s3:GetObject\",\n      \"Resource\": \"arn:aws:s3:::${bucket_name}${origin_path}*\",\n      \"Principal\": {\n        \"AWS\": \"${cloudfront_origin_access_identity_iam_arn}\"\n      }\n    },\n    {\n      \"Sid\": \"S3ListBucketForCloudFront\",\n      \"Effect\": \"Allow\",\n      \"Action\": \"s3:ListBucket\",\n      \"Resource\": \"arn:aws:s3:::${bucket_name}\",\n      \"Principal\": {\n        \"AWS\": \"${cloudfront_origin_access_identity_iam_arn}\"\n      }\n    }\n  ]\n}",
            "override_json": "{}",
            "policy_id": null,
            "source_json": null,
            "statement": [
              {
                "actions": [
                  "s3:GetObject"
                ],
                "condition": [],
                "effect": "Allow",
                "not_actions": [],
                "not_principals": [],
                "not_resources": [],
                "principals": [
                  {
                    "identifiers": [
                      "${cloudfront_origin_access_identity_iam_arn}"
                    ],
                    "type": "AWS"
                  }
                ],
                "resources": [
                  "arn:aws:s3:::${bucket_name}${origin_path}*"
                ],
                "sid": "S3GetObjectForCloudFront"
              },
              {
                "actions": [
                  "s3:ListBucket"
                ],
                "condition": [],
                "effect": "Allow",
                "not_actions": [],
                "not_principals": [],
                "not_resources": [],
                "principals": [
                  {
                    "identifiers": [
                      "${cloudfront_origin_access_identity_iam_arn}"
                    ],
                    "type": "AWS"
                  }
                ],
                "resources": [
                  "arn:aws:s3:::${bucket_name}"
                ],
                "sid": "S3ListBucketForCloudFront"
              }
            ],
            "version": "2012-10-17"
          }
        }
      ]
    },
    {
      "module": "module.frontend_cdn",
      "mode": "data",
      "type": "aws_iam_policy_document",
      "name": "origin_website",
      "provider": "provider.aws",
      "instances": [
        {
          "schema_version": 0,
          "attributes": {
            "id": "239689126",
            "json": "{\n  \"Version\": \"2012-10-17\",\n  \"Statement\": [\n    {\n      \"Sid\": \"S3GetObjectForCloudFront\",\n      \"Effect\": \"Allow\",\n      \"Action\": \"s3:GetObject\",\n      \"Resource\": \"arn:aws:s3:::${bucket_name}${origin_path}*\",\n      \"Principal\": {\n        \"AWS\": \"*\"\n      }\n    }\n  ]\n}",
            "override_json": "{}",
            "policy_id": null,
            "source_json": null,
            "statement": [
              {
                "actions": [
                  "s3:GetObject"
                ],
                "condition": [],
                "effect": "Allow",
                "not_actions": [],
                "not_principals": [],
                "not_resources": [],
                "principals": [
                  {
                    "identifiers": [
                      "*"
                    ],
                    "type": "AWS"
                  }
                ],
                "resources": [
                  "arn:aws:s3:::${bucket_name}${origin_path}*"
                ],
                "sid": "S3GetObjectForCloudFront"
              }
            ],
            "version": "2012-10-17"
          }
        }
      ]
    },
    {
      "module": "module.frontend_cdn",
      "mode": "data",
      "type": "aws_region",
      "name": "current",
      "provider": "provider.aws",
      "instances": [
        {
          "schema_version": 0,
          "attributes": {
            "current": null,
            "description": "US East (N. Virginia)",
            "endpoint": "ec2.us-east-1.amazonaws.com",
            "id": "us-east-1",
            "name": "us-east-1"
          }
        }
      ]
    },
    {
      "module": "module.acm_certificate",
      "mode": "data",
      "type": "aws_route53_zone",
      "name": "default",
      "each": "list",
      "provider": "provider.aws",
      "instances": [
        {
          "index_key": 0,
          "schema_version": 0,
          "attributes": {
            "caller_reference": "RISWorkflow-RD:21ac5d63-2215-4743-9c27-8169e5bb789c",
            "comment": "HostedZone created by Route53 Registrar",
            "id": "Z05781173UOCB80T1C5N4",
            "linked_service_description": null,
            "linked_service_principal": null,
            "name": "gotdadjoke.com.",
            "name_servers": [
              "ns-1969.awsdns-54.co.uk",
              "ns-785.awsdns-34.net",
              "ns-172.awsdns-21.com",
              "ns-1057.awsdns-04.org"
            ],
            "private_zone": false,
            "resource_record_set_count": 7,
            "tags": {},
            "vpc_id": null,
            "zone_id": "Z05781173UOCB80T1C5N4"
          }
        }
      ]
    },
    {
      "module": "module.frontend_cdn.module.dns",
      "mode": "data",
      "type": "aws_route53_zone",
      "name": "default",
      "each": "list",
      "provider": "provider.aws",
      "instances": [
        {
          "index_key": 0,
          "schema_version": 0,
          "attributes": {
            "caller_reference": "RISWorkflow-RD:21ac5d63-2215-4743-9c27-8169e5bb789c",
            "comment": "HostedZone created by Route53 Registrar",
            "id": "Z05781173UOCB80T1C5N4",
            "linked_service_description": null,
            "linked_service_principal": null,
            "name": "gotdadjoke.com.",
            "name_servers": [
              "ns-1969.awsdns-54.co.uk",
              "ns-785.awsdns-34.net",
              "ns-172.awsdns-21.com",
              "ns-1057.awsdns-04.org"
            ],
            "private_zone": false,
            "resource_record_set_count": 7,
            "tags": {},
            "vpc_id": null,
            "zone_id": "Z05781173UOCB80T1C5N4"
          }
        }
      ]
    },
    {
      "module": "module.frontend_cdn",
      "mode": "data",
      "type": "aws_s3_bucket",
      "name": "selected",
      "provider": "provider.aws",
      "instances": [
        {
          "schema_version": 0,
          "attributes": {
            "arn": "arn:aws:s3:::dev-front-end-gotdadjoke",
            "bucket": "dev-front-end-gotdadjoke",
            "bucket_domain_name": "dev-front-end-gotdadjoke.s3.amazonaws.com",
            "bucket_regional_domain_name": "dev-front-end-gotdadjoke.s3.amazonaws.com",
            "hosted_zone_id": "Z3AQBSTGFYJSTF",
            "id": "dev-front-end-gotdadjoke",
            "region": "us-east-1",
            "website_domain": null,
            "website_endpoint": null
          }
        }
      ]
    },
    {
      "module": "module.frontend_cdn",
      "mode": "data",
      "type": "template_file",
      "name": "default",
      "provider": "provider.template",
      "instances": [
        {
          "schema_version": 0,
          "attributes": {
            "filename": null,
            "id": "f70f53a2de3e97427f1aed070f873c4f53a5fbeca39d5f55279baaaa37883e81",
            "rendered": "{\n  \"Version\": \"2012-10-17\",\n  \"Statement\": [\n    {\n      \"Sid\": \"S3GetObjectForCloudFront\",\n      \"Effect\": \"Allow\",\n      \"Action\": \"s3:GetObject\",\n      \"Resource\": \"arn:aws:s3:::dev-front-end-gotdadjoke/*\",\n      \"Principal\": {\n        \"AWS\": \"arn:aws:iam::cloudfront:user/CloudFront Origin Access Identity E1J982XJNADY9T\"\n      }\n    },\n    {\n      \"Sid\": \"S3ListBucketForCloudFront\",\n      \"Effect\": \"Allow\",\n      \"Action\": \"s3:ListBucket\",\n      \"Resource\": \"arn:aws:s3:::dev-front-end-gotdadjoke\",\n      \"Principal\": {\n        \"AWS\": \"arn:aws:iam::cloudfront:user/CloudFront Origin Access Identity E1J982XJNADY9T\"\n      }\n    }\n  ]\n}",
            "template": "{\n  \"Version\": \"2012-10-17\",\n  \"Statement\": [\n    {\n      \"Sid\": \"S3GetObjectForCloudFront\",\n      \"Effect\": \"Allow\",\n      \"Action\": \"s3:GetObject\",\n      \"Resource\": \"arn:aws:s3:::${bucket_name}${origin_path}*\",\n      \"Principal\": {\n        \"AWS\": \"${cloudfront_origin_access_identity_iam_arn}\"\n      }\n    },\n    {\n      \"Sid\": \"S3ListBucketForCloudFront\",\n      \"Effect\": \"Allow\",\n      \"Action\": \"s3:ListBucket\",\n      \"Resource\": \"arn:aws:s3:::${bucket_name}\",\n      \"Principal\": {\n        \"AWS\": \"${cloudfront_origin_access_identity_iam_arn}\"\n      }\n    }\n  ]\n}",
            "vars": {
              "bucket_name": "dev-front-end-gotdadjoke",
              "cloudfront_origin_access_identity_iam_arn": "arn:aws:iam::cloudfront:user/CloudFront Origin Access Identity E1J982XJNADY9T",
              "origin_path": "/"
            }
          }
        }
      ]
    },
    {
      "module": "module.acm_certificate",
      "mode": "managed",
      "type": "aws_acm_certificate",
      "name": "default",
      "each": "list",
      "provider": "provider.aws",
      "instances": [
        {
          "index_key": 0,
          "schema_version": 0,
          "attributes": {
            "arn": "arn:aws:acm:us-east-1:894771629905:certificate/880fa227-56c3-4dfb-af00-7fa4a2a25d18",
            "certificate_authority_arn": "",
            "certificate_body": null,
            "certificate_chain": null,
            "domain_name": "gotdadjoke.com",
            "domain_validation_options": [
              {
                "domain_name": "gotdadjoke.com",
                "resource_record_name": "_c1d0955055b7b846d8e3b83d75b342a8.gotdadjoke.com.",
                "resource_record_type": "CNAME",
                "resource_record_value": "_ccf9effaa7d763377499bd8f2c727536.jfrzftwwjs.acm-validations.aws."
              },
              {
                "domain_name": "*.gotdadjoke.com",
                "resource_record_name": "_c1d0955055b7b846d8e3b83d75b342a8.gotdadjoke.com.",
                "resource_record_type": "CNAME",
                "resource_record_value": "_ccf9effaa7d763377499bd8f2c727536.jfrzftwwjs.acm-validations.aws."
              },
              {
                "domain_name": "www.gotdadjoke.com",
                "resource_record_name": "_d07a15b50402365d9cacb5e2518b77ad.www.gotdadjoke.com.",
                "resource_record_type": "CNAME",
                "resource_record_value": "_5ecb5722596b8145b3e857df8274bef6.jfrzftwwjs.acm-validations.aws."
              }
            ],
            "id": "arn:aws:acm:us-east-1:894771629905:certificate/880fa227-56c3-4dfb-af00-7fa4a2a25d18",
            "options": [
              {
                "certificate_transparency_logging_preference": "ENABLED"
              }
            ],
            "private_key": null,
            "status": "ISSUED",
            "subject_alternative_names": [
              "*.gotdadjoke.com",
              "www.gotdadjoke.com"
            ],
            "tags": {
              "name": "default-certificate",
              "project": "gotdadjokes"
            },
            "validation_emails": [],
            "validation_method": "DNS"
          },
          "private": "bnVsbA=="
        }
      ]
    },
    {
      "module": "module.acm_certificate",
      "mode": "managed",
      "type": "aws_acm_certificate_validation",
      "name": "default",
      "each": "list",
      "provider": "provider.aws",
      "instances": []
    },
    {
      "module": "module.frontend_cdn",
      "mode": "managed",
      "type": "aws_cloudfront_distribution",
      "name": "default",
      "provider": "provider.aws",
      "instances": [
        {
          "schema_version": 1,
          "attributes": {
            "active_trusted_signers": {
              "enabled": "false",
              "items.#": "0"
            },
            "aliases": [
              "dev.gotdadjoke.com"
            ],
            "arn": "arn:aws:cloudfront::894771629905:distribution/E2WK0PSTV8RS5Q",
            "cache_behavior": [],
            "caller_reference": "terraform-20200721200859137800000001",
            "comment": "Managed by Terraform",
            "custom_error_response": [],
            "default_cache_behavior": [
              {
                "allowed_methods": [
                  "DELETE",
                  "GET",
                  "HEAD",
                  "OPTIONS",
                  "PATCH",
                  "POST",
                  "PUT"
                ],
                "cached_methods": [
                  "GET",
                  "HEAD"
                ],
                "compress": false,
                "default_ttl": 60,
                "field_level_encryption_id": "",
                "forwarded_values": [
                  {
                    "cookies": [
                      {
                        "forward": "none",
                        "whitelisted_names": []
                      }
                    ],
                    "headers": [
                      "Access-Control-Request-Headers",
                      "Access-Control-Request-Method",
                      "Origin"
                    ],
                    "query_string": false,
                    "query_string_cache_keys": []
                  }
                ],
                "lambda_function_association": [],
                "max_ttl": 31536000,
                "min_ttl": 0,
                "smooth_streaming": false,
                "target_origin_id": "dev-front-end-gotdadjoke",
                "trusted_signers": [],
                "viewer_protocol_policy": "redirect-to-https"
              }
            ],
            "default_root_object": "index.html",
            "domain_name": "deiccu49z8uvr.cloudfront.net",
            "enabled": true,
            "etag": "E2UOPEIZC9MPII",
            "hosted_zone_id": "Z2FDTNDATAQYW2",
            "http_version": "http2",
            "id": "E2WK0PSTV8RS5Q",
            "in_progress_validation_batches": 0,
            "is_ipv6_enabled": true,
            "last_modified_time": "2020-07-21 21:05:51.026 +0000 UTC",
            "logging_config": [],
            "ordered_cache_behavior": [],
            "origin": [
              {
                "custom_header": [],
                "custom_origin_config": [],
                "domain_name": "dev-front-end-gotdadjoke.s3.amazonaws.com",
                "origin_id": "dev-front-end-gotdadjoke",
                "origin_path": "",
                "s3_origin_config": [
                  {
                    "origin_access_identity": "origin-access-identity/cloudfront/E1J982XJNADY9T"
                  }
                ]
              }
            ],
            "origin_group": [],
            "price_class": "PriceClass_100",
            "restrictions": [
              {
                "geo_restriction": [
                  {
                    "locations": [
                      "CA",
                      "US"
                    ],
                    "restriction_type": "whitelist"
                  }
                ]
              }
            ],
            "retain_on_delete": false,
            "status": "Deployed",
            "tags": {
              "Name": "dev-front-end-gotdadjoke",
              "Stage": "dev"
            },
            "viewer_certificate": [
              {
                "acm_certificate_arn": "arn:aws:acm:us-east-1:894771629905:certificate/880fa227-56c3-4dfb-af00-7fa4a2a25d18",
                "cloudfront_default_certificate": false,
                "iam_certificate_id": "",
                "minimum_protocol_version": "TLSv1",
                "ssl_support_method": "sni-only"
              }
            ],
            "wait_for_deployment": false,
            "web_acl_id": ""
          },
          "private": "eyJzY2hlbWFfdmVyc2lvbiI6IjEifQ==",
          "dependencies": [
            "module.acm_certificate.aws_acm_certificate.default",
            "module.frontend_cdn.aws_cloudfront_origin_access_identity.default",
            "module.frontend_cdn.aws_s3_bucket.origin",
            "module.frontend_cdn.module.logs.aws_s3_bucket.default",
            "module.frontend_s3_bucket.aws_s3_bucket.default"
          ]
        }
      ]
    },
    {
      "module": "module.frontend_cdn",
      "mode": "managed",
      "type": "aws_cloudfront_origin_access_identity",
      "name": "default",
      "provider": "provider.aws",
      "instances": [
        {
          "schema_version": 0,
          "attributes": {
            "caller_reference": "terraform-20200721195717945400000001",
            "cloudfront_access_identity_path": "origin-access-identity/cloudfront/E1J982XJNADY9T",
            "comment": "dev-front-end-gotdadjoke",
            "etag": "E3AYK9MUKFCSTD",
            "iam_arn": "arn:aws:iam::cloudfront:user/CloudFront Origin Access Identity E1J982XJNADY9T",
            "id": "E1J982XJNADY9T",
            "s3_canonical_user_id": "c95e9ebaf71e1efb0aad18a9ec07cdcf0e5562ff5031025b52a7aa857512c3595899eefb819e743c4939c6a0accddec7"
          },
          "private": "bnVsbA=="
        }
      ]
    },
    {
      "module": "module.frontend_s3_bucket.module.s3_user.module.s3_user",
      "mode": "managed",
      "type": "aws_iam_access_key",
      "name": "default",
      "each": "list",
      "provider": "provider.aws",
      "instances": []
    },
    {
      "module": "module.frontend_s3_bucket.module.s3_user.module.s3_user",
      "mode": "managed",
      "type": "aws_iam_user",
      "name": "default",
      "each": "list",
      "provider": "provider.aws",
      "instances": []
    },
    {
      "module": "module.frontend_s3_bucket.module.s3_user",
      "mode": "managed",
      "type": "aws_iam_user_policy",
      "name": "default",
      "each": "list",
      "provider": "provider.aws",
      "instances": []
    },
    {
      "module": "module.acm_certificate",
      "mode": "managed",
      "type": "aws_route53_record",
      "name": "default",
      "each": "list",
      "provider": "provider.aws",
      "instances": [
        {
          "index_key": 0,
          "schema_version": 2,
          "attributes": {
            "alias": [],
            "allow_overwrite": true,
            "failover_routing_policy": [],
            "fqdn": "_c1d0955055b7b846d8e3b83d75b342a8.gotdadjoke.com",
            "geolocation_routing_policy": [],
            "health_check_id": "",
            "id": "Z05781173UOCB80T1C5N4__c1d0955055b7b846d8e3b83d75b342a8.gotdadjoke.com._CNAME",
            "latency_routing_policy": [],
            "multivalue_answer_routing_policy": null,
            "name": "_c1d0955055b7b846d8e3b83d75b342a8.gotdadjoke.com",
            "records": [
              "_ccf9effaa7d763377499bd8f2c727536.jfrzftwwjs.acm-validations.aws."
            ],
            "set_identifier": "",
            "ttl": 300,
            "type": "CNAME",
            "weighted_routing_policy": [],
            "zone_id": "Z05781173UOCB80T1C5N4"
          },
          "private": "eyJzY2hlbWFfdmVyc2lvbiI6IjIifQ==",
          "dependencies": [
            "module.acm_certificate.aws_acm_certificate.default"
          ]
        },
        {
          "index_key": 1,
          "schema_version": 2,
          "attributes": {
            "alias": [],
            "allow_overwrite": true,
            "failover_routing_policy": [],
            "fqdn": "_c1d0955055b7b846d8e3b83d75b342a8.gotdadjoke.com",
            "geolocation_routing_policy": [],
            "health_check_id": "",
            "id": "Z05781173UOCB80T1C5N4__c1d0955055b7b846d8e3b83d75b342a8.gotdadjoke.com._CNAME",
            "latency_routing_policy": [],
            "multivalue_answer_routing_policy": null,
            "name": "_c1d0955055b7b846d8e3b83d75b342a8.gotdadjoke.com",
            "records": [
              "_ccf9effaa7d763377499bd8f2c727536.jfrzftwwjs.acm-validations.aws."
            ],
            "set_identifier": "",
            "ttl": 300,
            "type": "CNAME",
            "weighted_routing_policy": [],
            "zone_id": "Z05781173UOCB80T1C5N4"
          },
          "private": "eyJzY2hlbWFfdmVyc2lvbiI6IjIifQ==",
          "dependencies": [
            "module.acm_certificate.aws_acm_certificate.default"
          ]
        },
        {
          "index_key": 2,
          "schema_version": 2,
          "attributes": {
            "alias": [],
            "allow_overwrite": true,
            "failover_routing_policy": [],
            "fqdn": "_d07a15b50402365d9cacb5e2518b77ad.www.gotdadjoke.com",
            "geolocation_routing_policy": [],
            "health_check_id": "",
            "id": "Z05781173UOCB80T1C5N4__d07a15b50402365d9cacb5e2518b77ad.www.gotdadjoke.com._CNAME",
            "latency_routing_policy": [],
            "multivalue_answer_routing_policy": null,
            "name": "_d07a15b50402365d9cacb5e2518b77ad.www.gotdadjoke.com",
            "records": [
              "_5ecb5722596b8145b3e857df8274bef6.jfrzftwwjs.acm-validations.aws."
            ],
            "set_identifier": "",
            "ttl": 300,
            "type": "CNAME",
            "weighted_routing_policy": [],
            "zone_id": "Z05781173UOCB80T1C5N4"
          },
          "private": "eyJzY2hlbWFfdmVyc2lvbiI6IjIifQ==",
          "dependencies": [
            "module.acm_certificate.aws_acm_certificate.default"
          ]
        }
      ]
    },
    {
      "module": "module.frontend_cdn.module.dns",
      "mode": "managed",
      "type": "aws_route53_record",
      "name": "default",
      "each": "list",
      "provider": "provider.aws",
      "instances": [
        {
          "index_key": 0,
          "schema_version": 2,
          "attributes": {
            "alias": [
              {
                "evaluate_target_health": false,
                "name": "deiccu49z8uvr.cloudfront.net",
                "zone_id": "Z2FDTNDATAQYW2"
              }
            ],
            "allow_overwrite": null,
            "failover_routing_policy": [],
            "fqdn": "dev.gotdadjoke.com",
            "geolocation_routing_policy": [],
            "health_check_id": "",
            "id": "Z05781173UOCB80T1C5N4_dev.gotdadjoke.com_A",
            "latency_routing_policy": [],
            "multivalue_answer_routing_policy": null,
            "name": "dev.gotdadjoke.com",
            "records": [],
            "set_identifier": "",
            "ttl": 0,
            "type": "A",
            "weighted_routing_policy": [],
            "zone_id": "Z05781173UOCB80T1C5N4"
          },
          "private": "eyJzY2hlbWFfdmVyc2lvbiI6IjIifQ==",
          "dependencies": [
            "module.frontend_cdn.aws_cloudfront_distribution.default",
            "module.frontend_cdn.aws_cloudfront_origin_access_identity.default",
            "module.frontend_cdn.aws_s3_bucket.origin",
            "module.frontend_cdn.module.logs.aws_s3_bucket.default",
            "module.frontend_s3_bucket.aws_s3_bucket.default"
          ]
        }
      ]
    },
    {
      "mode": "managed",
      "type": "aws_route53_record",
      "name": "dev_api_domain_record",
      "provider": "provider.aws",
      "instances": []
    },
    {
      "module": "module.frontend_cdn.module.dns",
      "mode": "managed",
      "type": "aws_route53_record",
      "name": "ipv6",
      "each": "list",
      "provider": "provider.aws",
      "instances": [
        {
          "index_key": 0,
          "schema_version": 2,
          "attributes": {
            "alias": [
              {
                "evaluate_target_health": false,
                "name": "deiccu49z8uvr.cloudfront.net",
                "zone_id": "Z2FDTNDATAQYW2"
              }
            ],
            "allow_overwrite": null,
            "failover_routing_policy": [],
            "fqdn": "dev.gotdadjoke.com",
            "geolocation_routing_policy": [],
            "health_check_id": "",
            "id": "Z05781173UOCB80T1C5N4_dev.gotdadjoke.com_AAAA",
            "latency_routing_policy": [],
            "multivalue_answer_routing_policy": null,
            "name": "dev.gotdadjoke.com",
            "records": [],
            "set_identifier": "",
            "ttl": 0,
            "type": "AAAA",
            "weighted_routing_policy": [],
            "zone_id": "Z05781173UOCB80T1C5N4"
          },
          "private": "eyJzY2hlbWFfdmVyc2lvbiI6IjIifQ==",
          "dependencies": [
            "module.frontend_cdn.aws_cloudfront_distribution.default",
            "module.frontend_cdn.aws_cloudfront_origin_access_identity.default",
            "module.frontend_cdn.aws_s3_bucket.origin",
            "module.frontend_cdn.module.logs.aws_s3_bucket.default",
            "module.frontend_s3_bucket.aws_s3_bucket.default"
          ]
        }
      ]
    },
    {
      "module": "module.frontend_cdn.module.logs",
      "mode": "managed",
      "type": "aws_s3_bucket",
      "name": "default",
      "each": "list",
      "provider": "provider.aws",
      "instances": []
    },
    {
      "module": "module.frontend_s3_bucket",
      "mode": "managed",
      "type": "aws_s3_bucket",
      "name": "default",
      "each": "list",
      "provider": "provider.aws",
      "instances": [
        {
          "index_key": 0,
          "schema_version": 0,
          "attributes": {
            "acceleration_status": "",
            "acl": "private",
            "arn": "arn:aws:s3:::dev-front-end-gotdadjoke",
            "bucket": "dev-front-end-gotdadjoke",
            "bucket_domain_name": "dev-front-end-gotdadjoke.s3.amazonaws.com",
            "bucket_prefix": null,
            "bucket_regional_domain_name": "dev-front-end-gotdadjoke.s3.amazonaws.com",
            "cors_rule": [],
            "force_destroy": false,
            "grant": [],
            "hosted_zone_id": "Z3AQBSTGFYJSTF",
            "id": "dev-front-end-gotdadjoke",
            "lifecycle_rule": [
              {
                "abort_incomplete_multipart_upload_days": 5,
                "enabled": false,
                "expiration": [
                  {
                    "date": "",
                    "days": 90,
                    "expired_object_delete_marker": false
                  }
                ],
                "id": "dev-front-end-gotdadjoke",
                "noncurrent_version_expiration": [
                  {
                    "days": 90
                  }
                ],
                "noncurrent_version_transition": [
                  {
                    "days": 30,
                    "storage_class": "GLACIER"
                  }
                ],
                "prefix": "",
                "tags": {},
                "transition": [
                  {
                    "date": "",
                    "days": 60,
                    "storage_class": "GLACIER"
                  }
                ]
              }
            ],
            "logging": [],
            "object_lock_configuration": [],
            "policy": "",
            "region": "us-east-1",
            "replication_configuration": [],
            "request_payer": "BucketOwner",
            "server_side_encryption_configuration": [
              {
                "rule": [
                  {
                    "apply_server_side_encryption_by_default": [
                      {
                        "kms_master_key_id": "",
                        "sse_algorithm": "AES256"
                      }
                    ]
                  }
                ]
              }
            ],
            "tags": {
              "Name": "dev-front-end-gotdadjoke",
              "Stage": "dev"
            },
            "versioning": [
              {
                "enabled": false,
                "mfa_delete": false
              }
            ],
            "website": [],
            "website_domain": null,
            "website_endpoint": null
          },
          "private": "bnVsbA=="
        }
      ]
    },
    {
      "module": "module.frontend_cdn",
      "mode": "managed",
      "type": "aws_s3_bucket",
      "name": "origin",
      "each": "list",
      "provider": "provider.aws",
      "instances": []
    },
    {
      "module": "module.frontend_s3_bucket",
      "mode": "managed",
      "type": "aws_s3_bucket_policy",
      "name": "default",
      "each": "list",
      "provider": "provider.aws",
      "instances": []
    },
    {
      "module": "module.frontend_cdn",
      "mode": "managed",
      "type": "aws_s3_bucket_policy",
      "name": "default",
      "each": "list",
      "provider": "provider.aws",
      "instances": [
        {
          "index_key": 0,
          "schema_version": 0,
          "attributes": {
            "bucket": "dev-front-end-gotdadjoke",
            "id": "dev-front-end-gotdadjoke",
            "policy": "{\"Version\":\"2012-10-17\",\"Statement\":[{\"Sid\":\"S3GetObjectForCloudFront\",\"Effect\":\"Allow\",\"Principal\":{\"AWS\":\"arn:aws:iam::cloudfront:user/CloudFront Origin Access Identity E1J982XJNADY9T\"},\"Action\":\"s3:GetObject\",\"Resource\":\"arn:aws:s3:::dev-front-end-gotdadjoke/*\"},{\"Sid\":\"S3ListBucketForCloudFront\",\"Effect\":\"Allow\",\"Principal\":{\"AWS\":\"arn:aws:iam::cloudfront:user/CloudFront Origin Access Identity E1J982XJNADY9T\"},\"Action\":\"s3:ListBucket\",\"Resource\":\"arn:aws:s3:::dev-front-end-gotdadjoke\"}]}"
          },
          "private": "bnVsbA==",
          "dependencies": [
            "module.frontend_cdn.aws_cloudfront_origin_access_identity.default",
            "module.frontend_cdn.aws_s3_bucket.origin",
            "module.frontend_s3_bucket.aws_s3_bucket.default"
          ]
        }
      ]
    },
    {
      "module": "module.frontend_cdn.module.logs",
      "mode": "managed",
      "type": "aws_s3_bucket_public_access_block",
      "name": "default",
      "each": "list",
      "provider": "provider.aws",
      "instances": []
    },
    {
      "module": "module.frontend_s3_bucket",
      "mode": "managed",
      "type": "aws_s3_bucket_public_access_block",
      "name": "default",
      "each": "list",
      "provider": "provider.aws",
      "instances": [
        {
          "index_key": 0,
          "schema_version": 0,
          "attributes": {
            "block_public_acls": true,
            "block_public_policy": true,
            "bucket": "dev-front-end-gotdadjoke",
            "id": "dev-front-end-gotdadjoke",
            "ignore_public_acls": true,
            "restrict_public_buckets": true
          },
          "private": "bnVsbA==",
          "dependencies": [
            "module.frontend_s3_bucket.aws_s3_bucket.default"
          ]
        }
      ]
    }
  ]
}
